<Solution>
  <Project Path="src/AssetMonitoring.Api/AssetMonitoring.Api.csproj" />
  <Project Path="src/AssetMonitoring.DeviceSimulator/AssetMonitoring.DeviceSimulator.csproj" Id="2d6ecd5c-6cae-47f8-832c-b70c7a3e72b0" />
  <Project Path="src/AssetMonitoring.Modules.Alerting/AssetMonitoring.Modules.Alerting.csproj" Id="058d8043-cb8c-4b46-916a-00f31313e7bf" />
  <Project Path="src/AssetMonitoring.Modules.DeviceManagement/AssetMonitoring.Modules.DeviceManagement.csproj" Id="d96d0fb8-c2a0-4faa-80a0-eb8ab5045ac4" />
  <Project Path="src/AssetMonitoring.Modules.Notifications/AssetMonitoring.Modules.Notifications.csproj" Id="51b66b22-3172-450f-a59b-fa7b67d05616" />
  <Project Path="src/AssetMonitoring.Modules.Telemetry/AssetMonitoring.Modules.Telemetry.csproj" Id="486f324b-1431-4de6-a57f-f285f791b89c" />
  <Project Path="tests/AssetMonitoring.DeviceSimulator.Tests/AssetMonitoring.DeviceSimulator.Tests.csproj" Id="20e125b4-03ec-40c2-9f73-433405b72609" />
  <Project Path="tests/AssetMonitoring.Modules.DeviceManagement.Tests/AssetMonitoring.Modules.DeviceManagement.Tests.csproj" Id="e753c0d2-500e-4ff4-9688-2e281fcac36c" />
  <Project Path="tests/AssetMonitoring.Modules.Telemetry.Tests/AssetMonitoring.Modules.Telemetry.Tests.csproj" Id="16234e18-9c76-418c-9b04-4dc242f3bdbe" />
</Solution>
